
Microsoft Visual Studio Solution File, Format Version 12.00
# Visual Studio 15
VisualStudioVersion = 15.0.28307.136
MinimumVisualStudioVersion = 10.0.40219.1
Project("{8BC9CEB8-8B4A-11D0-8D11-00A0C91BC942}") = "KNN Handwriting Recognition", "KNN Handwriting Recognition\KNN Handwriting Recognition.vcxproj", "{161D3B89-C7DA-40CE-9F60-62114B1C1AC6}"
EndProject
Global
	GlobalSection(SolutionConfigurationPlatforms) = preSolution
		Debug|x64 = Debug|x64
		Release|x64 = Release|x64
	EndGlobalSection
	GlobalSection(ProjectConfigurationPlatforms) = postSolution
		{161D3B89-C7DA-40CE-9F60-62114B1C1AC6}.Debug|x64.ActiveCfg = Debug|x64
		{161D3B89-C7DA-40CE-9F60-62114B1C1AC6}.Debug|x64.Build.0 = Debug|x64
		{161D3B89-C7DA-40CE-9F60-62114B1C1AC6}.Release|x64.ActiveCfg = Release|x64
		{161D3B89-C7DA-40CE-9F60-62114B1C1AC6}.Release|x64.Build.0 = Release|x64
	EndGlobalSection
	GlobalSection(SolutionProperties) = preSolution
		HideSolutionNode = FALSE
	EndGlobalSection
	GlobalSection(ExtensibilityGlobals) = postSolution
		SolutionGuid = {80178BEA-1462-4590-AC9C-969606DB4B8E}
	EndGlobalSection
EndGlobal
